
Microsoft Visual Studio Solution File, Format Version 12.00
# Visual Studio Version 16
VisualStudioVersion = 16.0.31702.278
MinimumVisualStudioVersion = 10.0.40219.1
Project("{9A19103F-16F7-4668-BE54-9A1E7A4F7556}") = "Teams.Application", "Teams.Application\Teams.Application.csproj", "{BDB33099-8BD4-4B61-8788-8BBBBC2CEFF9}"
EndProject
Project("{9A19103F-16F7-4668-BE54-9A1E7A4F7556}") = "Teams.Server", "Teams.Server\Teams.Server.csproj", "{262D360E-29FC-4155-A865-D151258EE224}"
EndProject
Global
	GlobalSection(SolutionConfigurationPlatforms) = preSolution
		Debug|Any CPU = Debug|Any CPU
		Release|Any CPU = Release|Any CPU
	EndGlobalSection
	GlobalSection(ProjectConfigurationPlatforms) = postSolution
		{BDB33099-8BD4-4B61-8788-8BBBBC2CEFF9}.Debug|Any CPU.ActiveCfg = Debug|Any CPU
		{BDB33099-8BD4-4B61-8788-8BBBBC2CEFF9}.Debug|Any CPU.Build.0 = Debug|Any CPU
		{BDB33099-8BD4-4B61-8788-8BBBBC2CEFF9}.Release|Any CPU.ActiveCfg = Release|Any CPU
		{BDB33099-8BD4-4B61-8788-8BBBBC2CEFF9}.Release|Any CPU.Build.0 = Release|Any CPU
		{262D360E-29FC-4155-A865-D151258EE224}.Debug|Any CPU.ActiveCfg = Debug|Any CPU
		{262D360E-29FC-4155-A865-D151258EE224}.Debug|Any CPU.Build.0 = Debug|Any CPU
		{262D360E-29FC-4155-A865-D151258EE224}.Release|Any CPU.ActiveCfg = Release|Any CPU
		{262D360E-29FC-4155-A865-D151258EE224}.Release|Any CPU.Build.0 = Release|Any CPU
	EndGlobalSection
	GlobalSection(SolutionProperties) = preSolution
		HideSolutionNode = FALSE
	EndGlobalSection
	GlobalSection(ExtensibilityGlobals) = postSolution
		SolutionGuid = {1FDD9975-6AFC-4D20-9FFF-F34310564834}
	EndGlobalSection
EndGlobal
